
Microsoft Visual Studio Solution File, Format Version 12.00
# Visual Studio 2012
Project("{8BC9CEB8-8B4A-11D0-8D11-00A0C91BC942}") = "Task_2", "Task_2\Task_2.vcxproj", "{5388DB9B-80A2-464F-9FD4-F22471DDF19B}"
EndProject
Global
	GlobalSection(SolutionConfigurationPlatforms) = preSolution
		Debug|Win32 = Debug|Win32
		Release|Win32 = Release|Win32
	EndGlobalSection
	GlobalSection(ProjectConfigurationPlatforms) = postSolution
		{5388DB9B-80A2-464F-9FD4-F22471DDF19B}.Debug|Win32.ActiveCfg = Debug|Win32
		{5388DB9B-80A2-464F-9FD4-F22471DDF19B}.Debug|Win32.Build.0 = Debug|Win32
		{5388DB9B-80A2-464F-9FD4-F22471DDF19B}.Release|Win32.ActiveCfg = Release|Win32
		{5388DB9B-80A2-464F-9FD4-F22471DDF19B}.Release|Win32.Build.0 = Release|Win32
	EndGlobalSection
	GlobalSection(SolutionProperties) = preSolution
		HideSolutionNode = FALSE
	EndGlobalSection
EndGlobal
